
Microsoft Visual Studio Solution File, Format Version 12.00
# Visual Studio 2012
Project("{F184B08F-C81C-45F6-A57F-5ABD9991F28F}") = "MEAL_TICKET", "MEAL_TICKET\MEAL_TICKET.vbproj", "{DCC4D971-61D8-4B58-8FF5-957868DE2F70}"
EndProject
Global
	GlobalSection(SolutionConfigurationPlatforms) = preSolution
		Debug|Any CPU = Debug|Any CPU
		Release|Any CPU = Release|Any CPU
	EndGlobalSection
	GlobalSection(ProjectConfigurationPlatforms) = postSolution
		{DCC4D971-61D8-4B58-8FF5-957868DE2F70}.Debug|Any CPU.ActiveCfg = Debug|Any CPU
		{DCC4D971-61D8-4B58-8FF5-957868DE2F70}.Debug|Any CPU.Build.0 = Debug|Any CPU
		{DCC4D971-61D8-4B58-8FF5-957868DE2F70}.Release|Any CPU.ActiveCfg = Release|Any CPU
		{DCC4D971-61D8-4B58-8FF5-957868DE2F70}.Release|Any CPU.Build.0 = Release|Any CPU
	EndGlobalSection
	GlobalSection(SolutionProperties) = preSolution
		HideSolutionNode = FALSE
	EndGlobalSection
EndGlobal
