
Microsoft Visual Studio Solution File, Format Version 12.00
# Visual Studio Express 2012 for Windows Desktop
Project("{F184B08F-C81C-45F6-A57F-5ABD9991F28F}") = "Running Total", "Running Total\Running Total.vbproj", "{4757DB1A-CFCE-4684-AB95-8EED988D225F}"
EndProject
Global
	GlobalSection(SolutionConfigurationPlatforms) = preSolution
		Debug|x86 = Debug|x86
		Release|x86 = Release|x86
	EndGlobalSection
	GlobalSection(ProjectConfigurationPlatforms) = postSolution
		{4757DB1A-CFCE-4684-AB95-8EED988D225F}.Debug|x86.ActiveCfg = Debug|x86
		{4757DB1A-CFCE-4684-AB95-8EED988D225F}.Debug|x86.Build.0 = Debug|x86
		{4757DB1A-CFCE-4684-AB95-8EED988D225F}.Release|x86.ActiveCfg = Release|x86
		{4757DB1A-CFCE-4684-AB95-8EED988D225F}.Release|x86.Build.0 = Release|x86
	EndGlobalSection
	GlobalSection(SolutionProperties) = preSolution
		HideSolutionNode = FALSE
	EndGlobalSection
EndGlobal
