
Microsoft Visual Studio Solution File, Format Version 12.00
# Visual Studio Express 2012 for Windows Desktop
Project("{F184B08F-C81C-45F6-A57F-5ABD9991F28F}") = "Parallel and Indirect Arrays", "Parallel and Indirect Arrays\Parallel and Indirect Arrays.vbproj", "{C741985C-27AF-46D4-B23F-5F13EDC62C84}"
EndProject
Global
	GlobalSection(SolutionConfigurationPlatforms) = preSolution
		Debug|Any CPU = Debug|Any CPU
		Release|Any CPU = Release|Any CPU
	EndGlobalSection
	GlobalSection(ProjectConfigurationPlatforms) = postSolution
		{C741985C-27AF-46D4-B23F-5F13EDC62C84}.Debug|Any CPU.ActiveCfg = Debug|Any CPU
		{C741985C-27AF-46D4-B23F-5F13EDC62C84}.Debug|Any CPU.Build.0 = Debug|Any CPU
		{C741985C-27AF-46D4-B23F-5F13EDC62C84}.Release|Any CPU.ActiveCfg = Release|Any CPU
		{C741985C-27AF-46D4-B23F-5F13EDC62C84}.Release|Any CPU.Build.0 = Release|Any CPU
	EndGlobalSection
	GlobalSection(SolutionProperties) = preSolution
		HideSolutionNode = FALSE
	EndGlobalSection
EndGlobal
