
Microsoft Visual Studio Solution File, Format Version 12.00
# Visual Studio Express 2012 for Windows Desktop
Project("{F184B08F-C81C-45F6-A57F-5ABD9991F28F}") = "Salary Calculator", "Salary Calculator\Salary Calculator.vbproj", "{8B593734-CFAD-4C0A-9117-7CDB4431B742}"
EndProject
Global
	GlobalSection(SolutionConfigurationPlatforms) = preSolution
		Debug|x86 = Debug|x86
		Release|x86 = Release|x86
	EndGlobalSection
	GlobalSection(ProjectConfigurationPlatforms) = postSolution
		{8B593734-CFAD-4C0A-9117-7CDB4431B742}.Debug|x86.ActiveCfg = Debug|x86
		{8B593734-CFAD-4C0A-9117-7CDB4431B742}.Debug|x86.Build.0 = Debug|x86
		{8B593734-CFAD-4C0A-9117-7CDB4431B742}.Release|x86.ActiveCfg = Release|x86
		{8B593734-CFAD-4C0A-9117-7CDB4431B742}.Release|x86.Build.0 = Release|x86
	EndGlobalSection
	GlobalSection(SolutionProperties) = preSolution
		HideSolutionNode = FALSE
	EndGlobalSection
EndGlobal
