
Microsoft Visual Studio Solution File, Format Version 12.00
# Visual Studio 2012
Project("{F184B08F-C81C-45F6-A57F-5ABD9991F28F}") = "ListBox Examples", "ListBox Examples.vbproj", "{7CBF771E-2127-406C-AF6A-43F0B8E27F99}"
EndProject
Global
	GlobalSection(SolutionConfigurationPlatforms) = preSolution
		Debug|Any CPU = Debug|Any CPU
		Release|Any CPU = Release|Any CPU
	EndGlobalSection
	GlobalSection(ProjectConfigurationPlatforms) = postSolution
		{7CBF771E-2127-406C-AF6A-43F0B8E27F99}.Debug|Any CPU.ActiveCfg = Debug|Any CPU
		{7CBF771E-2127-406C-AF6A-43F0B8E27F99}.Debug|Any CPU.Build.0 = Debug|Any CPU
		{7CBF771E-2127-406C-AF6A-43F0B8E27F99}.Release|Any CPU.ActiveCfg = Release|Any CPU
		{7CBF771E-2127-406C-AF6A-43F0B8E27F99}.Release|Any CPU.Build.0 = Release|Any CPU
	EndGlobalSection
	GlobalSection(SolutionProperties) = preSolution
		HideSolutionNode = FALSE
	EndGlobalSection
EndGlobal
