
Microsoft Visual Studio Solution File, Format Version 12.00
# Visual Studio 2012
Project("{F184B08F-C81C-45F6-A57F-5ABD9991F28F}") = "Stadium Seating Form", "Stadium Seating Form\Stadium Seating Form.vbproj", "{03AD9713-BA9E-4C2C-87D1-CFE8D43C8CD9}"
EndProject
Global
	GlobalSection(SolutionConfigurationPlatforms) = preSolution
		Debug|Any CPU = Debug|Any CPU
		Release|Any CPU = Release|Any CPU
	EndGlobalSection
	GlobalSection(ProjectConfigurationPlatforms) = postSolution
		{03AD9713-BA9E-4C2C-87D1-CFE8D43C8CD9}.Debug|Any CPU.ActiveCfg = Debug|Any CPU
		{03AD9713-BA9E-4C2C-87D1-CFE8D43C8CD9}.Debug|Any CPU.Build.0 = Debug|Any CPU
		{03AD9713-BA9E-4C2C-87D1-CFE8D43C8CD9}.Release|Any CPU.ActiveCfg = Release|Any CPU
		{03AD9713-BA9E-4C2C-87D1-CFE8D43C8CD9}.Release|Any CPU.Build.0 = Release|Any CPU
	EndGlobalSection
	GlobalSection(SolutionProperties) = preSolution
		HideSolutionNode = FALSE
	EndGlobalSection
EndGlobal
